
Microsoft Visual Studio Solution File, Format Version 12.00
# Visual Studio Version 17
VisualStudioVersion = 17.8.34525.116
MinimumVisualStudioVersion = 10.0.40219.1
Project("{9A19103F-16F7-4668-BE54-9A1E7A4F7556}") = "Felis", "Felis\Felis.csproj", "{EF2F82C1-9624-4F20-965C-19DB9018A141}"
EndProject
Project("{FAE04EC0-301F-11D3-BF4B-00C04F79EFBC}") = "Felis.Http", "Felis.Http\Felis.Http.csproj", "{9534C50F-20A3-4984-B141-5C8EB356CBD7}"
EndProject
Project("{FAE04EC0-301F-11D3-BF4B-00C04F79EFBC}") = "Felis.Tests", "Felis.Tests\Felis.Tests.csproj", "{05E2A516-6E34-4C5F-A522-24CB79BC6E7F}"
EndProject
Project("{FAE04EC0-301F-11D3-BF4B-00C04F79EFBC}") = "Felis.Http.Tests", "Felis.Http.Tests\Felis.Http.Tests.csproj", "{2A23FE4C-9DAA-439C-8643-239ACB828F6E}"
EndProject
Global
	GlobalSection(SolutionConfigurationPlatforms) = preSolution
		Debug|Any CPU = Debug|Any CPU
		Release|Any CPU = Release|Any CPU
	EndGlobalSection
	GlobalSection(ProjectConfigurationPlatforms) = postSolution
		{EF2F82C1-9624-4F20-965C-19DB9018A141}.Debug|Any CPU.ActiveCfg = Release|Any CPU
		{EF2F82C1-9624-4F20-965C-19DB9018A141}.Debug|Any CPU.Build.0 = Release|Any CPU
		{EF2F82C1-9624-4F20-965C-19DB9018A141}.Release|Any CPU.ActiveCfg = Release|Any CPU
		{EF2F82C1-9624-4F20-965C-19DB9018A141}.Release|Any CPU.Build.0 = Release|Any CPU
		{9534C50F-20A3-4984-B141-5C8EB356CBD7}.Debug|Any CPU.ActiveCfg = Debug|Any CPU
		{9534C50F-20A3-4984-B141-5C8EB356CBD7}.Debug|Any CPU.Build.0 = Debug|Any CPU
		{9534C50F-20A3-4984-B141-5C8EB356CBD7}.Release|Any CPU.ActiveCfg = Release|Any CPU
		{9534C50F-20A3-4984-B141-5C8EB356CBD7}.Release|Any CPU.Build.0 = Release|Any CPU
		{05E2A516-6E34-4C5F-A522-24CB79BC6E7F}.Debug|Any CPU.ActiveCfg = Debug|Any CPU
		{05E2A516-6E34-4C5F-A522-24CB79BC6E7F}.Debug|Any CPU.Build.0 = Debug|Any CPU
		{05E2A516-6E34-4C5F-A522-24CB79BC6E7F}.Release|Any CPU.ActiveCfg = Release|Any CPU
		{05E2A516-6E34-4C5F-A522-24CB79BC6E7F}.Release|Any CPU.Build.0 = Release|Any CPU
		{2A23FE4C-9DAA-439C-8643-239ACB828F6E}.Debug|Any CPU.ActiveCfg = Debug|Any CPU
		{2A23FE4C-9DAA-439C-8643-239ACB828F6E}.Debug|Any CPU.Build.0 = Debug|Any CPU
		{2A23FE4C-9DAA-439C-8643-239ACB828F6E}.Release|Any CPU.ActiveCfg = Release|Any CPU
		{2A23FE4C-9DAA-439C-8643-239ACB828F6E}.Release|Any CPU.Build.0 = Release|Any CPU
	EndGlobalSection
	GlobalSection(SolutionProperties) = preSolution
		HideSolutionNode = FALSE
	EndGlobalSection
	GlobalSection(NestedProjects) = preSolution
	EndGlobalSection
	GlobalSection(ExtensibilityGlobals) = postSolution
		SolutionGuid = {D605DA87-932C-4C6E-B7C8-77CED4B0C179}
	EndGlobalSection
EndGlobal
